
Microsoft Visual Studio Solution File, Format Version 12.00
# Visual Studio Version 17
VisualStudioVersion = 17.2.32616.157
MinimumVisualStudioVersion = 10.0.40219.1
Project("{9A19103F-16F7-4668-BE54-9A1E7A4F7556}") = "AH.TestU4IdsAuth.RazorPages", "AH.TestU4IdsAuth.RazorPages\AH.TestU4IdsAuth.RazorPages.csproj", "{954B5C9D-043A-4F79-92AE-0774505E28CA}"
EndProject
Global
	GlobalSection(SolutionConfigurationPlatforms) = preSolution
		Debug|Any CPU = Debug|Any CPU
		Release|Any CPU = Release|Any CPU
	EndGlobalSection
	GlobalSection(ProjectConfigurationPlatforms) = postSolution
		{954B5C9D-043A-4F79-92AE-0774505E28CA}.Debug|Any CPU.ActiveCfg = Debug|Any CPU
		{954B5C9D-043A-4F79-92AE-0774505E28CA}.Debug|Any CPU.Build.0 = Debug|Any CPU
		{954B5C9D-043A-4F79-92AE-0774505E28CA}.Release|Any CPU.ActiveCfg = Release|Any CPU
		{954B5C9D-043A-4F79-92AE-0774505E28CA}.Release|Any CPU.Build.0 = Release|Any CPU
	EndGlobalSection
	GlobalSection(SolutionProperties) = preSolution
		HideSolutionNode = FALSE
	EndGlobalSection
	GlobalSection(ExtensibilityGlobals) = postSolution
		SolutionGuid = {F0921A89-CE2B-474B-A2BF-F1A4CF488601}
	EndGlobalSection
EndGlobal
